
Microsoft Visual Studio Solution File, Format Version 11.00
# Visual Studio 2010
Project("{FAE04EC0-301F-11D3-BF4B-00C04F79EFBC}") = "CassiniWebServer", "CassiniWebServer\CassiniWebServer.csproj", "{7D91A937-847B-4E02-9B23-04D0DD59880A}"
EndProject
Global
	GlobalSection(SolutionConfigurationPlatforms) = preSolution
		Debug|x86 = Debug|x86
		Release|x86 = Release|x86
	EndGlobalSection
	GlobalSection(ProjectConfigurationPlatforms) = postSolution
		{7D91A937-847B-4E02-9B23-04D0DD59880A}.Debug|x86.ActiveCfg = Debug|x86
		{7D91A937-847B-4E02-9B23-04D0DD59880A}.Debug|x86.Build.0 = Debug|x86
		{7D91A937-847B-4E02-9B23-04D0DD59880A}.Release|x86.ActiveCfg = Release|x86
		{7D91A937-847B-4E02-9B23-04D0DD59880A}.Release|x86.Build.0 = Release|x86
	EndGlobalSection
	GlobalSection(SolutionProperties) = preSolution
		HideSolutionNode = FALSE
	EndGlobalSection
EndGlobal
